// !$*UTF8*$!
{
	archiveVersion = 1;
	classes = {
	};
	objectVersion = 46;
	objects = {

/* Begin PBXBuildFile section */
		EA7DFFD21BD7079900EADF09 /* mysqlite.c in Sources */ = {isa = PBXBuildFile; fileRef = EA7DFFD01BD7079900EADF09 /* mysqlite.c */; settings = {ASSET_TAGS = (); }; };
		EA7DFFD51BD708E200EADF09 /* libmysqlclient.dylib in Frameworks */ = {isa = PBXBuildFile; fileRef = EA7DFFD41BD708E200EADF09 /* libmysqlclient.dylib */; };
		EA7DFFD71BD7256F00EADF09 /* libjansson.dylib in Frameworks */ = {isa = PBXBuildFile; fileRef = EA7DFFD61BD7256F00EADF09 /* libjansson.dylib */; };
		EA7DFFE01BD8271100EADF09 /* main.c in Sources */ = {isa = PBXBuildFile; fileRef = EA7DFFDF1BD8271100EADF09 /* main.c */; };
		EA7DFFE61BD8276500EADF09 /* libMySQLite.dylib in Frameworks */ = {isa = PBXBuildFile; fileRef = EA7DFFC91BD7077000EADF09 /* libMySQLite.dylib */; };
		EA7DFFE81BD827CC00EADF09 /* test.db in CopyFiles */ = {isa = PBXBuildFile; fileRef = EA7DFFE71BD8279600EADF09 /* test.db */; };
/* End PBXBuildFile section */

/* Begin PBXContainerItemProxy section */
		EA7DFFE41BD8275E00EADF09 /* PBXContainerItemProxy */ = {
			isa = PBXContainerItemProxy;
			containerPortal = EA7DFFC11BD7077000EADF09 /* Project object */;
			proxyType = 1;
			remoteGlobalIDString = EA7DFFC81BD7077000EADF09;
			remoteInfo = MySQLite;
		};
/* End PBXContainerItemProxy section */

/* Begin PBXCopyFilesBuildPhase section */
		EA7DFFDB1BD8271100EADF09 /* CopyFiles */ = {
			isa = PBXCopyFilesBuildPhase;
			buildActionMask = 12;
			dstPath = "";
			dstSubfolderSpec = 16;
			files = (
				EA7DFFE81BD827CC00EADF09 /* test.db in CopyFiles */,
			);
			runOnlyForDeploymentPostprocessing = 0;
		};
/* End PBXCopyFilesBuildPhase section */

/* Begin PBXFileReference section */
		EA7DFFC91BD7077000EADF09 /* libMySQLite.dylib */ = {isa = PBXFileReference; explicitFileType = "compiled.mach-o.dylib"; includeInIndex = 0; path = libMySQLite.dylib; sourceTree = BUILT_PRODUCTS_DIR; };
		EA7DFFD01BD7079900EADF09 /* mysqlite.c */ = {isa = PBXFileReference; fileEncoding = 4; lastKnownFileType = sourcecode.c.c; path = mysqlite.c; sourceTree = "<group>"; };
		EA7DFFD41BD708E200EADF09 /* libmysqlclient.dylib */ = {isa = PBXFileReference; lastKnownFileType = "compiled.mach-o.dylib"; name = libmysqlclient.dylib; path = /usr/local/lib/libmysqlclient.dylib; sourceTree = "<absolute>"; };
		EA7DFFD61BD7256F00EADF09 /* libjansson.dylib */ = {isa = PBXFileReference; lastKnownFileType = "compiled.mach-o.dylib"; name = libjansson.dylib; path = /usr/local/lib/libjansson.dylib; sourceTree = "<absolute>"; };
		EA7DFFDD1BD8271100EADF09 /* test */ = {isa = PBXFileReference; explicitFileType = "compiled.mach-o.executable"; includeInIndex = 0; path = test; sourceTree = BUILT_PRODUCTS_DIR; };
		EA7DFFDF1BD8271100EADF09 /* main.c */ = {isa = PBXFileReference; lastKnownFileType = sourcecode.c.c; path = main.c; sourceTree = "<group>"; };
		EA7DFFE71BD8279600EADF09 /* test.db */ = {isa = PBXFileReference; fileEncoding = 4; lastKnownFileType = text; path = test.db; sourceTree = "<group>"; };
/* End PBXFileReference section */

/* Begin PBXFrameworksBuildPhase section */
		EA7DFFC61BD7077000EADF09 /* Frameworks */ = {
			isa = PBXFrameworksBuildPhase;
			buildActionMask = 2147483647;
			files = (
				EA7DFFD51BD708E200EADF09 /* libmysqlclient.dylib in Frameworks */,
				EA7DFFD71BD7256F00EADF09 /* libjansson.dylib in Frameworks */,
			);
			runOnlyForDeploymentPostprocessing = 0;
		};
		EA7DFFDA1BD8271100EADF09 /* Frameworks */ = {
			isa = PBXFrameworksBuildPhase;
			buildActionMask = 2147483647;
			files = (
				EA7DFFE61BD8276500EADF09 /* libMySQLite.dylib in Frameworks */,
			);
			runOnlyForDeploymentPostprocessing = 0;
		};
/* End PBXFrameworksBuildPhase section */

/* Begin PBXGroup section */
		EA7DFFC01BD7077000EADF09 = {
			isa = PBXGroup;
			children = (
				EA7DFFD01BD7079900EADF09 /* mysqlite.c */,
				EA7DFFD81BD7257600EADF09 /* Libraries */,
				EA7DFFDE1BD8271100EADF09 /* test */,
				EA7DFFCA1BD7077000EADF09 /* Products */,
			);
			sourceTree = "<group>";
		};
		EA7DFFCA1BD7077000EADF09 /* Products */ = {
			isa = PBXGroup;
			children = (
				EA7DFFC91BD7077000EADF09 /* libMySQLite.dylib */,
				EA7DFFDD1BD8271100EADF09 /* test */,
			);
			name = Products;
			sourceTree = "<group>";
		};
		EA7DFFD81BD7257600EADF09 /* Libraries */ = {
			isa = PBXGroup;
			children = (
				EA7DFFD61BD7256F00EADF09 /* libjansson.dylib */,
				EA7DFFD41BD708E200EADF09 /* libmysqlclient.dylib */,
			);
			name = Libraries;
			sourceTree = "<group>";
		};
		EA7DFFDE1BD8271100EADF09 /* test */ = {
			isa = PBXGroup;
			children = (
				EA7DFFDF1BD8271100EADF09 /* main.c */,
				EA7DFFE71BD8279600EADF09 /* test.db */,
			);
			path = test;
			sourceTree = "<group>";
		};
/* End PBXGroup section */

/* Begin PBXHeadersBuildPhase section */
		EA7DFFC71BD7077000EADF09 /* Headers */ = {
			isa = PBXHeadersBuildPhase;
			buildActionMask = 2147483647;
			files = (
			);
			runOnlyForDeploymentPostprocessing = 0;
		};
/* End PBXHeadersBuildPhase section */

/* Begin PBXNativeTarget section */
		EA7DFFC81BD7077000EADF09 /* MySQLite */ = {
			isa = PBXNativeTarget;
			buildConfigurationList = EA7DFFCD1BD7077000EADF09 /* Build configuration list for PBXNativeTarget "MySQLite" */;
			buildPhases = (
				EA7DFFC51BD7077000EADF09 /* Sources */,
				EA7DFFC61BD7077000EADF09 /* Frameworks */,
				EA7DFFC71BD7077000EADF09 /* Headers */,
			);
			buildRules = (
			);
			dependencies = (
			);
			name = MySQLite;
			productName = MySQLite;
			productReference = EA7DFFC91BD7077000EADF09 /* libMySQLite.dylib */;
			productType = "com.apple.product-type.library.dynamic";
		};
		EA7DFFDC1BD8271100EADF09 /* test */ = {
			isa = PBXNativeTarget;
			buildConfigurationList = EA7DFFE11BD8271100EADF09 /* Build configuration list for PBXNativeTarget "test" */;
			buildPhases = (
				EA7DFFD91BD8271100EADF09 /* Sources */,
				EA7DFFDA1BD8271100EADF09 /* Frameworks */,
				EA7DFFDB1BD8271100EADF09 /* CopyFiles */,
			);
			buildRules = (
			);
			dependencies = (
				EA7DFFE51BD8275E00EADF09 /* PBXTargetDependency */,
			);
			name = test;
			productName = test;
			productReference = EA7DFFDD1BD8271100EADF09 /* test */;
			productType = "com.apple.product-type.tool";
		};
/* End PBXNativeTarget section */

/* Begin PBXProject section */
		EA7DFFC11BD7077000EADF09 /* Project object */ = {
			isa = PBXProject;
			attributes = {
				LastUpgradeCheck = 0700;
				ORGANIZATIONNAME = "Weston Nielson";
				TargetAttributes = {
					EA7DFFC81BD7077000EADF09 = {
						CreatedOnToolsVersion = 7.0.1;
					};
					EA7DFFDC1BD8271100EADF09 = {
						CreatedOnToolsVersion = 7.0.1;
					};
				};
			};
			buildConfigurationList = EA7DFFC41BD7077000EADF09 /* Build configuration list for PBXProject "MySQLite" */;
			compatibilityVersion = "Xcode 3.2";
			developmentRegion = English;
			hasScannedForEncodings = 0;
			knownRegions = (
				en,
			);
			mainGroup = EA7DFFC01BD7077000EADF09;
			productRefGroup = EA7DFFCA1BD7077000EADF09 /* Products */;
			projectDirPath = "";
			projectRoot = "";
			targets = (
				EA7DFFC81BD7077000EADF09 /* MySQLite */,
				EA7DFFDC1BD8271100EADF09 /* test */,
			);
		};
/* End PBXProject section */

/* Begin PBXSourcesBuildPhase section */
		EA7DFFC51BD7077000EADF09 /* Sources */ = {
			isa = PBXSourcesBuildPhase;
			buildActionMask = 2147483647;
			files = (
				EA7DFFD21BD7079900EADF09 /* mysqlite.c in Sources */,
			);
			runOnlyForDeploymentPostprocessing = 0;
		};
		EA7DFFD91BD8271100EADF09 /* Sources */ = {
			isa = PBXSourcesBuildPhase;
			buildActionMask = 2147483647;
			files = (
				EA7DFFE01BD8271100EADF09 /* main.c in Sources */,
			);
			runOnlyForDeploymentPostprocessing = 0;
		};
/* End PBXSourcesBuildPhase section */

/* Begin PBXTargetDependency section */
		EA7DFFE51BD8275E00EADF09 /* PBXTargetDependency */ = {
			isa = PBXTargetDependency;
			target = EA7DFFC81BD7077000EADF09 /* MySQLite */;
			targetProxy = EA7DFFE41BD8275E00EADF09 /* PBXContainerItemProxy */;
		};
/* End PBXTargetDependency section */

/* Begin XCBuildConfiguration section */
		EA7DFFCB1BD7077000EADF09 /* Debug */ = {
			isa = XCBuildConfiguration;
			buildSettings = {
				ALWAYS_SEARCH_USER_PATHS = NO;
				CLANG_CXX_LANGUAGE_STANDARD = "gnu++0x";
				CLANG_CXX_LIBRARY = "libc++";
				CLANG_ENABLE_MODULES = YES;
				CLANG_ENABLE_OBJC_ARC = YES;
				CLANG_WARN_BOOL_CONVERSION = YES;
				CLANG_WARN_CONSTANT_CONVERSION = YES;
				CLANG_WARN_DIRECT_OBJC_ISA_USAGE = YES_ERROR;
				CLANG_WARN_EMPTY_BODY = YES;
				CLANG_WARN_ENUM_CONVERSION = YES;
				CLANG_WARN_INT_CONVERSION = YES;
				CLANG_WARN_OBJC_ROOT_CLASS = YES_ERROR;
				CLANG_WARN_UNREACHABLE_CODE = YES;
				CLANG_WARN__DUPLICATE_METHOD_MATCH = YES;
				COPY_PHASE_STRIP = NO;
				DEBUG_INFORMATION_FORMAT = dwarf;
				ENABLE_STRICT_OBJC_MSGSEND = YES;
				ENABLE_TESTABILITY = YES;
				GCC_C_LANGUAGE_STANDARD = gnu99;
				GCC_DYNAMIC_NO_PIC = NO;
				GCC_NO_COMMON_BLOCKS = YES;
				GCC_OPTIMIZATION_LEVEL = 0;
				GCC_PREPROCESSOR_DEFINITIONS = (
					"DEBUG=1",
					"$(inherited)",
				);
				GCC_WARN_64_TO_32_BIT_CONVERSION = YES;
				GCC_WARN_ABOUT_RETURN_TYPE = YES_ERROR;
				GCC_WARN_UNDECLARED_SELECTOR = YES;
				GCC_WARN_UNINITIALIZED_AUTOS = YES_AGGRESSIVE;
				GCC_WARN_UNUSED_FUNCTION = YES;
				GCC_WARN_UNUSED_VARIABLE = YES;
				MACOSX_DEPLOYMENT_TARGET = 10.10;
				MTL_ENABLE_DEBUG_INFO = YES;
				ONLY_ACTIVE_ARCH = YES;
				SDKROOT = macosx;
			};
			name = Debug;
		};
		EA7DFFCC1BD7077000EADF09 /* Release */ = {
			isa = XCBuildConfiguration;
			buildSettings = {
				ALWAYS_SEARCH_USER_PATHS = NO;
				CLANG_CXX_LANGUAGE_STANDARD = "gnu++0x";
				CLANG_CXX_LIBRARY = "libc++";
				CLANG_ENABLE_MODULES = YES;
				CLANG_ENABLE_OBJC_ARC = YES;
				CLANG_WARN_BOOL_CONVERSION = YES;
				CLANG_WARN_CONSTANT_CONVERSION = YES;
				CLANG_WARN_DIRECT_OBJC_ISA_USAGE = YES_ERROR;
				CLANG_WARN_EMPTY_BODY = YES;
				CLANG_WARN_ENUM_CONVERSION = YES;
				CLANG_WARN_INT_CONVERSION = YES;
				CLANG_WARN_OBJC_ROOT_CLASS = YES_ERROR;
				CLANG_WARN_UNREACHABLE_CODE = YES;
				CLANG_WARN__DUPLICATE_METHOD_MATCH = YES;
				COPY_PHASE_STRIP = NO;
				DEBUG_INFORMATION_FORMAT = "dwarf-with-dsym";
				ENABLE_NS_ASSERTIONS = NO;
				ENABLE_STRICT_OBJC_MSGSEND = YES;
				GCC_C_LANGUAGE_STANDARD = gnu99;
				GCC_NO_COMMON_BLOCKS = YES;
				GCC_WARN_64_TO_32_BIT_CONVERSION = YES;
				GCC_WARN_ABOUT_RETURN_TYPE = YES_ERROR;
				GCC_WARN_UNDECLARED_SELECTOR = YES;
				GCC_WARN_UNINITIALIZED_AUTOS = YES_AGGRESSIVE;
				GCC_WARN_UNUSED_FUNCTION = YES;
				GCC_WARN_UNUSED_VARIABLE = YES;
				MACOSX_DEPLOYMENT_TARGET = 10.10;
				MTL_ENABLE_DEBUG_INFO = NO;
				SDKROOT = macosx;
			};
			name = Release;
		};
		EA7DFFCE1BD7077000EADF09 /* Debug */ = {
			isa = XCBuildConfiguration;
			buildSettings = {
				DYLIB_COMPATIBILITY_VERSION = 1;
				DYLIB_CURRENT_VERSION = 1;
				EXECUTABLE_PREFIX = lib;
				HEADER_SEARCH_PATHS = (
					/usr/local/include,
					"/usr/local/Cellar/mysql-connector-c/6.1.6/include",
				);
				LIBRARY_SEARCH_PATHS = /usr/local/lib;
				PRODUCT_NAME = "$(TARGET_NAME)";
			};
			name = Debug;
		};
		EA7DFFCF1BD7077000EADF09 /* Release */ = {
			isa = XCBuildConfiguration;
			buildSettings = {
				DYLIB_COMPATIBILITY_VERSION = 1;
				DYLIB_CURRENT_VERSION = 1;
				EXECUTABLE_PREFIX = lib;
				HEADER_SEARCH_PATHS = (
					/usr/local/include,
					"/usr/local/Cellar/mysql-connector-c/6.1.6/include",
				);
				LIBRARY_SEARCH_PATHS = /usr/local/lib;
				PRODUCT_NAME = "$(TARGET_NAME)";
			};
			name = Release;
		};
		EA7DFFE21BD8271100EADF09 /* Debug */ = {
			isa = XCBuildConfiguration;
			buildSettings = {
				PRODUCT_NAME = "$(TARGET_NAME)";
			};
			name = Debug;
		};
		EA7DFFE31BD8271100EADF09 /* Release */ = {
			isa = XCBuildConfiguration;
			buildSettings = {
				PRODUCT_NAME = "$(TARGET_NAME)";
			};
			name = Release;
		};
/* End XCBuildConfiguration section */

/* Begin XCConfigurationList section */
		EA7DFFC41BD7077000EADF09 /* Build configuration list for PBXProject "MySQLite" */ = {
			isa = XCConfigurationList;
			buildConfigurations = (
				EA7DFFCB1BD7077000EADF09 /* Debug */,
				EA7DFFCC1BD7077000EADF09 /* Release */,
			);
			defaultConfigurationIsVisible = 0;
			defaultConfigurationName = Release;
		};
		EA7DFFCD1BD7077000EADF09 /* Build configuration list for PBXNativeTarget "MySQLite" */ = {
			isa = XCConfigurationList;
			buildConfigurations = (
				EA7DFFCE1BD7077000EADF09 /* Debug */,
				EA7DFFCF1BD7077000EADF09 /* Release */,
			);
			defaultConfigurationIsVisible = 0;
		};
		EA7DFFE11BD8271100EADF09 /* Build configuration list for PBXNativeTarget "test" */ = {
			isa = XCConfigurationList;
			buildConfigurations = (
				EA7DFFE21BD8271100EADF09 /* Debug */,
				EA7DFFE31BD8271100EADF09 /* Release */,
			);
			defaultConfigurationIsVisible = 0;
		};
/* End XCConfigurationList section */
	};
	rootObject = EA7DFFC11BD7077000EADF09 /* Project object */;
}
